
Microsoft Visual Studio Solution File, Format Version 12.00
# Visual Studio Version 17
VisualStudioVersion = 17.14.36301.6 d17.14
MinimumVisualStudioVersion = 10.0.40219.1
Project("{FAE04EC0-301F-11D3-BF4B-00C04F79EFBC}") = "Bubble Sort", "Bubble Sort\Bubble Sort.csproj", "{06F63C13-1F88-4CFE-BFC0-F7740BF38C6E}"
EndProject
Global
	GlobalSection(SolutionConfigurationPlatforms) = preSolution
		Debug|Any CPU = Debug|Any CPU
		Release|Any CPU = Release|Any CPU
	EndGlobalSection
	GlobalSection(ProjectConfigurationPlatforms) = postSolution
		{06F63C13-1F88-4CFE-BFC0-F7740BF38C6E}.Debug|Any CPU.ActiveCfg = Debug|Any CPU
		{06F63C13-1F88-4CFE-BFC0-F7740BF38C6E}.Debug|Any CPU.Build.0 = Debug|Any CPU
		{06F63C13-1F88-4CFE-BFC0-F7740BF38C6E}.Release|Any CPU.ActiveCfg = Release|Any CPU
		{06F63C13-1F88-4CFE-BFC0-F7740BF38C6E}.Release|Any CPU.Build.0 = Release|Any CPU
	EndGlobalSection
	GlobalSection(SolutionProperties) = preSolution
		HideSolutionNode = FALSE
	EndGlobalSection
	GlobalSection(ExtensibilityGlobals) = postSolution
		SolutionGuid = {2D01564A-B9C1-48CF-BDF7-D52FAD5ED7DD}
	EndGlobalSection
EndGlobal
