
Microsoft Visual Studio Solution File, Format Version 12.00
# Visual Studio Version 17
VisualStudioVersion = 17.14.36908.2
MinimumVisualStudioVersion = 10.0.40219.1
Project("{FAE04EC0-301F-11D3-BF4B-00C04F79EFBC}") = "BinaryHeapTree", "BinaryHeapTree\BinaryHeapTree.csproj", "{E7906599-E728-4730-AD85-0C5501C1FD24}"
EndProject
Project("{FAE04EC0-301F-11D3-BF4B-00C04F79EFBC}") = "BinaryHeapTreeTest", "BinaryHeapTreeTest\BinaryHeapTreeTest.csproj", "{829295CC-E8D3-4216-BC7C-E3C41B4E1A32}"
EndProject
Global
	GlobalSection(SolutionConfigurationPlatforms) = preSolution
		Debug|Any CPU = Debug|Any CPU
		Release|Any CPU = Release|Any CPU
	EndGlobalSection
	GlobalSection(ProjectConfigurationPlatforms) = postSolution
		{E7906599-E728-4730-AD85-0C5501C1FD24}.Debug|Any CPU.ActiveCfg = Debug|Any CPU
		{E7906599-E728-4730-AD85-0C5501C1FD24}.Debug|Any CPU.Build.0 = Debug|Any CPU
		{E7906599-E728-4730-AD85-0C5501C1FD24}.Release|Any CPU.ActiveCfg = Release|Any CPU
		{E7906599-E728-4730-AD85-0C5501C1FD24}.Release|Any CPU.Build.0 = Release|Any CPU
		{829295CC-E8D3-4216-BC7C-E3C41B4E1A32}.Debug|Any CPU.ActiveCfg = Debug|Any CPU
		{829295CC-E8D3-4216-BC7C-E3C41B4E1A32}.Debug|Any CPU.Build.0 = Debug|Any CPU
		{829295CC-E8D3-4216-BC7C-E3C41B4E1A32}.Release|Any CPU.ActiveCfg = Release|Any CPU
		{829295CC-E8D3-4216-BC7C-E3C41B4E1A32}.Release|Any CPU.Build.0 = Release|Any CPU
	EndGlobalSection
	GlobalSection(SolutionProperties) = preSolution
		HideSolutionNode = FALSE
	EndGlobalSection
	GlobalSection(ExtensibilityGlobals) = postSolution
		SolutionGuid = {E5051756-C138-4EAE-9233-45A8D8D7FC24}
	EndGlobalSection
EndGlobal
